{
  "requires": true,
  "lockfileVersion": 1,
  "dependencies": {
    "axios": {
      "version": "0.7.0",
      "resolved": "https://registry.npmjs.org/axios/-/axios-0.7.0.tgz",
      "integrity": "sha1-SJwmkETVBm36LGTHScsTGxdvSno="
    },
    "browser-resolve": {
      "version": "1.11.3",
      "resolved": "https://registry.npmjs.org/browser-resolve/-/browser-resolve-1.11.3.tgz",
      "integrity": "sha512-exDi1BYWB/6raKHmDTCicQfTkqwN5fioMFV4j8BsfMU4R2DK/QfZfK7kOVkmWCNANf0snkBzqGqAJBao9gZMdQ==",
      "requires": {
        "resolve": "1.1.7"
      }
    },
    "resolve": {
      "version": "1.1.7",
      "resolved": "https://registry.npmjs.org/resolve/-/resolve-1.1.7.tgz",
      "integrity": "sha1-IDEU2CrSxe2ejgQRs5ModeiJ6Xs="
    },
    "youtube-api-v3-search": {
      "version": "1.2.1",
      "resolved": "https://registry.npmjs.org/youtube-api-v3-search/-/youtube-api-v3-search-1.2.1.tgz",
      "integrity": "sha512-CsH8oqX6wZ1b82Xdd4hddx3fSHEIaU85gdYGfQXNbaHOXq5GbaHs7Pro0mEnDt5WzQ5r0eI10gqGeM2mJolJDg==",
      "requires": {
        "browser-resolve": "^1.11.3"
      }
    },
    "youtube-search-api-with-axios": {
      "version": "2.0.0",
      "resolved": "https://registry.npmjs.org/youtube-search-api-with-axios/-/youtube-search-api-with-axios-2.0.0.tgz",
      "integrity": "sha1-0gl9eZOTMd1WYdVbJyLQzYo0oTw=",
      "requires": {
        "axios": "^0.7.0"
      }
    }
  }
}
